
Microsoft Visual Studio Solution File, Format Version 12.00
# Visual Studio Version 17
VisualStudioVersion = 17.5.002.0
MinimumVisualStudioVersion = 10.0.40219.1
Project("{2150E333-8FDC-42A3-9474-1A3956D46DE8}") = "week01", "week01", "{AEDC02F8-EAFB-4B02-BC9B-1503415B7795}"
EndProject
Project("{9A19103F-16F7-4668-BE54-9A1E7A4F7556}") = "code", "week01\code\code.csproj", "{B24F6984-F20C-4B40-AB12-765B0CF157F8}"
EndProject
Project("{9A19103F-16F7-4668-BE54-9A1E7A4F7556}") = "analyze", "week01\analyze\analyze.csproj", "{426213CF-FFD9-46C9-BD1D-46D508DB0CDE}"
EndProject
Project("{9A19103F-16F7-4668-BE54-9A1E7A4F7556}") = "teach", "week01\teach\teach.csproj", "{5CF98516-D284-4F05-8863-9C5511512C06}"
EndProject
Project("{2150E333-8FDC-42A3-9474-1A3956D46DE8}") = "week06", "week06", "{0F94D0C3-BCE9-4B58-B0A8-65C2C069249D}"
EndProject
Project("{9A19103F-16F7-4668-BE54-9A1E7A4F7556}") = "code", "week06\code\code.csproj", "{61B745A6-C604-4CA1-8627-88FA39305064}"
EndProject
Project("{2150E333-8FDC-42A3-9474-1A3956D46DE8}") = "sandbox", "sandbox", "{8E75D36B-896A-4889-A52F-3B1BF06189B8}"
EndProject
Project("{9A19103F-16F7-4668-BE54-9A1E7A4F7556}") = "sandbox_project", "sandbox\sandbox_project\sandbox_project.csproj", "{3A2E2E1E-9699-4AAE-B122-B90D4973F5C1}"
EndProject
Project("{2150E333-8FDC-42A3-9474-1A3956D46DE8}") = "week05", "week05", "{C219618E-3785-4426-9029-0DCC4CC8AB1E}"
EndProject
Project("{9A19103F-16F7-4668-BE54-9A1E7A4F7556}") = "code", "week05\code\code.csproj", "{FF1A8990-558C-4384-A137-878BA79318DA}"
EndProject
Project("{2150E333-8FDC-42A3-9474-1A3956D46DE8}") = "week02", "week02", "{18C9AB0E-FF45-4714-9704-E4A81173801E}"
EndProject
Project("{9A19103F-16F7-4668-BE54-9A1E7A4F7556}") = "learn", "week02\learn\learn.csproj", "{B628859A-BE53-44B4-9305-79F49E598BC9}"
EndProject
Project("{9A19103F-16F7-4668-BE54-9A1E7A4F7556}") = "code", "week02\code\code.csproj", "{A5327228-EE5E-4759-ABEF-A45D77B33395}"
EndProject
Project("{9A19103F-16F7-4668-BE54-9A1E7A4F7556}") = "analyze", "week02\analyze\analyze.csproj", "{38BD375D-E013-40A3-BA8F-E64A1378D378}"
EndProject
Project("{9A19103F-16F7-4668-BE54-9A1E7A4F7556}") = "teach", "week02\teach\teach.csproj", "{E01AF16D-A53C-43BD-A45D-C2D105C7C675}"
EndProject
Project("{2150E333-8FDC-42A3-9474-1A3956D46DE8}") = "week03", "week03", "{173BB546-80B3-49ED-9247-209A0AD97015}"
EndProject
Project("{9A19103F-16F7-4668-BE54-9A1E7A4F7556}") = "learn", "week03\learn\learn.csproj", "{B101B0F1-5D73-4DA5-A9DF-FCFD980A356E}"
EndProject
Project("{9A19103F-16F7-4668-BE54-9A1E7A4F7556}") = "code", "week03\code\code.csproj", "{31D3EE92-6D89-425E-A4CE-DFC97CCA5967}"
EndProject
Project("{9A19103F-16F7-4668-BE54-9A1E7A4F7556}") = "teach", "week03\teach\teach.csproj", "{D8266781-9749-4691-AD42-ABEC9E67F3C8}"
EndProject
Project("{2150E333-8FDC-42A3-9474-1A3956D46DE8}") = "week04", "week04", "{428275F2-00DC-4CCD-B372-668BCBA25118}"
EndProject
Project("{9A19103F-16F7-4668-BE54-9A1E7A4F7556}") = "code", "week04\code\code.csproj", "{BA13A83F-DEFD-4DEA-BE6E-9D3CF7517AA4}"
EndProject
Global
	GlobalSection(SolutionConfigurationPlatforms) = preSolution
		Debug|Any CPU = Debug|Any CPU
		Release|Any CPU = Release|Any CPU
	EndGlobalSection
	GlobalSection(ProjectConfigurationPlatforms) = postSolution
		{B24F6984-F20C-4B40-AB12-765B0CF157F8}.Debug|Any CPU.ActiveCfg = Debug|Any CPU
		{B24F6984-F20C-4B40-AB12-765B0CF157F8}.Debug|Any CPU.Build.0 = Debug|Any CPU
		{B24F6984-F20C-4B40-AB12-765B0CF157F8}.Release|Any CPU.ActiveCfg = Release|Any CPU
		{B24F6984-F20C-4B40-AB12-765B0CF157F8}.Release|Any CPU.Build.0 = Release|Any CPU
		{426213CF-FFD9-46C9-BD1D-46D508DB0CDE}.Debug|Any CPU.ActiveCfg = Debug|Any CPU
		{426213CF-FFD9-46C9-BD1D-46D508DB0CDE}.Debug|Any CPU.Build.0 = Debug|Any CPU
		{426213CF-FFD9-46C9-BD1D-46D508DB0CDE}.Release|Any CPU.ActiveCfg = Release|Any CPU
		{426213CF-FFD9-46C9-BD1D-46D508DB0CDE}.Release|Any CPU.Build.0 = Release|Any CPU
		{5CF98516-D284-4F05-8863-9C5511512C06}.Debug|Any CPU.ActiveCfg = Debug|Any CPU
		{5CF98516-D284-4F05-8863-9C5511512C06}.Debug|Any CPU.Build.0 = Debug|Any CPU
		{5CF98516-D284-4F05-8863-9C5511512C06}.Release|Any CPU.ActiveCfg = Release|Any CPU
		{5CF98516-D284-4F05-8863-9C5511512C06}.Release|Any CPU.Build.0 = Release|Any CPU
		{61B745A6-C604-4CA1-8627-88FA39305064}.Debug|Any CPU.ActiveCfg = Debug|Any CPU
		{61B745A6-C604-4CA1-8627-88FA39305064}.Debug|Any CPU.Build.0 = Debug|Any CPU
		{61B745A6-C604-4CA1-8627-88FA39305064}.Release|Any CPU.ActiveCfg = Release|Any CPU
		{61B745A6-C604-4CA1-8627-88FA39305064}.Release|Any CPU.Build.0 = Release|Any CPU
		{3A2E2E1E-9699-4AAE-B122-B90D4973F5C1}.Debug|Any CPU.ActiveCfg = Debug|Any CPU
		{3A2E2E1E-9699-4AAE-B122-B90D4973F5C1}.Debug|Any CPU.Build.0 = Debug|Any CPU
		{3A2E2E1E-9699-4AAE-B122-B90D4973F5C1}.Release|Any CPU.ActiveCfg = Release|Any CPU
		{3A2E2E1E-9699-4AAE-B122-B90D4973F5C1}.Release|Any CPU.Build.0 = Release|Any CPU
		{FF1A8990-558C-4384-A137-878BA79318DA}.Debug|Any CPU.ActiveCfg = Debug|Any CPU
		{FF1A8990-558C-4384-A137-878BA79318DA}.Debug|Any CPU.Build.0 = Debug|Any CPU
		{FF1A8990-558C-4384-A137-878BA79318DA}.Release|Any CPU.ActiveCfg = Release|Any CPU
		{FF1A8990-558C-4384-A137-878BA79318DA}.Release|Any CPU.Build.0 = Release|Any CPU
		{B628859A-BE53-44B4-9305-79F49E598BC9}.Debug|Any CPU.ActiveCfg = Debug|Any CPU
		{B628859A-BE53-44B4-9305-79F49E598BC9}.Debug|Any CPU.Build.0 = Debug|Any CPU
		{B628859A-BE53-44B4-9305-79F49E598BC9}.Release|Any CPU.ActiveCfg = Release|Any CPU
		{B628859A-BE53-44B4-9305-79F49E598BC9}.Release|Any CPU.Build.0 = Release|Any CPU
		{A5327228-EE5E-4759-ABEF-A45D77B33395}.Debug|Any CPU.ActiveCfg = Debug|Any CPU
		{A5327228-EE5E-4759-ABEF-A45D77B33395}.Debug|Any CPU.Build.0 = Debug|Any CPU
		{A5327228-EE5E-4759-ABEF-A45D77B33395}.Release|Any CPU.ActiveCfg = Release|Any CPU
		{A5327228-EE5E-4759-ABEF-A45D77B33395}.Release|Any CPU.Build.0 = Release|Any CPU
		{38BD375D-E013-40A3-BA8F-E64A1378D378}.Debug|Any CPU.ActiveCfg = Debug|Any CPU
		{38BD375D-E013-40A3-BA8F-E64A1378D378}.Debug|Any CPU.Build.0 = Debug|Any CPU
		{38BD375D-E013-40A3-BA8F-E64A1378D378}.Release|Any CPU.ActiveCfg = Release|Any CPU
		{38BD375D-E013-40A3-BA8F-E64A1378D378}.Release|Any CPU.Build.0 = Release|Any CPU
		{E01AF16D-A53C-43BD-A45D-C2D105C7C675}.Debug|Any CPU.ActiveCfg = Debug|Any CPU
		{E01AF16D-A53C-43BD-A45D-C2D105C7C675}.Debug|Any CPU.Build.0 = Debug|Any CPU
		{E01AF16D-A53C-43BD-A45D-C2D105C7C675}.Release|Any CPU.ActiveCfg = Release|Any CPU
		{E01AF16D-A53C-43BD-A45D-C2D105C7C675}.Release|Any CPU.Build.0 = Release|Any CPU
		{B101B0F1-5D73-4DA5-A9DF-FCFD980A356E}.Debug|Any CPU.ActiveCfg = Debug|Any CPU
		{B101B0F1-5D73-4DA5-A9DF-FCFD980A356E}.Debug|Any CPU.Build.0 = Debug|Any CPU
		{B101B0F1-5D73-4DA5-A9DF-FCFD980A356E}.Release|Any CPU.ActiveCfg = Release|Any CPU
		{B101B0F1-5D73-4DA5-A9DF-FCFD980A356E}.Release|Any CPU.Build.0 = Release|Any CPU
		{31D3EE92-6D89-425E-A4CE-DFC97CCA5967}.Debug|Any CPU.ActiveCfg = Debug|Any CPU
		{31D3EE92-6D89-425E-A4CE-DFC97CCA5967}.Debug|Any CPU.Build.0 = Debug|Any CPU
		{31D3EE92-6D89-425E-A4CE-DFC97CCA5967}.Release|Any CPU.ActiveCfg = Release|Any CPU
		{31D3EE92-6D89-425E-A4CE-DFC97CCA5967}.Release|Any CPU.Build.0 = Release|Any CPU
		{D8266781-9749-4691-AD42-ABEC9E67F3C8}.Debug|Any CPU.ActiveCfg = Debug|Any CPU
		{D8266781-9749-4691-AD42-ABEC9E67F3C8}.Debug|Any CPU.Build.0 = Debug|Any CPU
		{D8266781-9749-4691-AD42-ABEC9E67F3C8}.Release|Any CPU.ActiveCfg = Release|Any CPU
		{D8266781-9749-4691-AD42-ABEC9E67F3C8}.Release|Any CPU.Build.0 = Release|Any CPU
		{BA13A83F-DEFD-4DEA-BE6E-9D3CF7517AA4}.Debug|Any CPU.ActiveCfg = Debug|Any CPU
		{BA13A83F-DEFD-4DEA-BE6E-9D3CF7517AA4}.Debug|Any CPU.Build.0 = Debug|Any CPU
		{BA13A83F-DEFD-4DEA-BE6E-9D3CF7517AA4}.Release|Any CPU.ActiveCfg = Release|Any CPU
		{BA13A83F-DEFD-4DEA-BE6E-9D3CF7517AA4}.Release|Any CPU.Build.0 = Release|Any CPU
	EndGlobalSection
	GlobalSection(SolutionProperties) = preSolution
		HideSolutionNode = FALSE
	EndGlobalSection
	GlobalSection(NestedProjects) = preSolution
		{B24F6984-F20C-4B40-AB12-765B0CF157F8} = {AEDC02F8-EAFB-4B02-BC9B-1503415B7795}
		{426213CF-FFD9-46C9-BD1D-46D508DB0CDE} = {AEDC02F8-EAFB-4B02-BC9B-1503415B7795}
		{5CF98516-D284-4F05-8863-9C5511512C06} = {AEDC02F8-EAFB-4B02-BC9B-1503415B7795}
		{61B745A6-C604-4CA1-8627-88FA39305064} = {0F94D0C3-BCE9-4B58-B0A8-65C2C069249D}
		{3A2E2E1E-9699-4AAE-B122-B90D4973F5C1} = {8E75D36B-896A-4889-A52F-3B1BF06189B8}
		{FF1A8990-558C-4384-A137-878BA79318DA} = {C219618E-3785-4426-9029-0DCC4CC8AB1E}
		{B628859A-BE53-44B4-9305-79F49E598BC9} = {18C9AB0E-FF45-4714-9704-E4A81173801E}
		{A5327228-EE5E-4759-ABEF-A45D77B33395} = {18C9AB0E-FF45-4714-9704-E4A81173801E}
		{38BD375D-E013-40A3-BA8F-E64A1378D378} = {18C9AB0E-FF45-4714-9704-E4A81173801E}
		{E01AF16D-A53C-43BD-A45D-C2D105C7C675} = {18C9AB0E-FF45-4714-9704-E4A81173801E}
		{B101B0F1-5D73-4DA5-A9DF-FCFD980A356E} = {173BB546-80B3-49ED-9247-209A0AD97015}
		{31D3EE92-6D89-425E-A4CE-DFC97CCA5967} = {173BB546-80B3-49ED-9247-209A0AD97015}
		{D8266781-9749-4691-AD42-ABEC9E67F3C8} = {173BB546-80B3-49ED-9247-209A0AD97015}
		{BA13A83F-DEFD-4DEA-BE6E-9D3CF7517AA4} = {428275F2-00DC-4CCD-B372-668BCBA25118}
	EndGlobalSection
	GlobalSection(ExtensibilityGlobals) = postSolution
		SolutionGuid = {2CDD95A0-EB03-4931-AB21-389B6536A84C}
	EndGlobalSection
EndGlobal
